
Microsoft Visual Studio Solution File, Format Version 12.00
# Visual Studio Version 17
VisualStudioVersion = 17.0.31903.59
MinimumVisualStudioVersion = 10.0.40219.1
Project("{2150E333-8FDC-42A3-9474-1A3956D46DE8}") = "Additional items", "Additional items", "{4EBFFC53-9477-46F2-A431-8C058FF6FA90}"
	ProjectSection(SolutionItems) = preProject
		.gitignore = .gitignore
		LICENSE.txt = LICENSE.txt
		nuget.config = nuget.config
	EndProjectSection
EndProject
Project("{FAE04EC0-301F-11D3-BF4B-00C04F79EFBC}") = "PlainDeck.RandomColors", "PlainDeck.RandomColors\PlainDeck.RandomColors.csproj", "{552BEE13-48DF-4CA9-A667-C2C99E97E5AA}"
EndProject
Project("{FAE04EC0-301F-11D3-BF4B-00C04F79EFBC}") = "PlainDeck.Sdk.V1", "PlainDeck.Sdk.V1\PlainDeck.Sdk.V1.csproj", "{0DA3F106-721B-4560-9396-D7A58C063483}"
EndProject
Project("{FAE04EC0-301F-11D3-BF4B-00C04F79EFBC}") = "PlainDeck.Sleep", "PlainDeck.Sleep\PlainDeck.Sleep.csproj", "{8B309C90-2860-48D8-A46C-F08E9F5F9A1E}"
EndProject
Project("{2150E333-8FDC-42A3-9474-1A3956D46DE8}") = "Applications", "Applications", "{F0A456B8-2133-4C49-9A95-FC14FE8BEDF5}"
EndProject
Project("{FAE04EC0-301F-11D3-BF4B-00C04F79EFBC}") = "PlainDeck.Media", "PlainDeck.Media\PlainDeck.Media.csproj", "{3F0647E0-0C6F-4995-880D-E820F3BD9156}"
EndProject
Project("{FAE04EC0-301F-11D3-BF4B-00C04F79EFBC}") = "PlainDeck.Sdk", "src\PlainDeck.Sdk\PlainDeck.Sdk.csproj", "{F5787A13-CB11-4E91-997E-CCB965480E50}"
EndProject
Project("{FAE04EC0-301F-11D3-BF4B-00C04F79EFBC}") = "PlainDeck.Debugger", "src\PlainDeck.Debugger\PlainDeck.Debugger.csproj", "{58915C78-A928-4F03-A75F-A0112FF476C6}"
EndProject
Global
	GlobalSection(SolutionConfigurationPlatforms) = preSolution
		Debug|Any CPU = Debug|Any CPU
		Release|Any CPU = Release|Any CPU
	EndGlobalSection
	GlobalSection(SolutionProperties) = preSolution
		HideSolutionNode = FALSE
	EndGlobalSection
	GlobalSection(ProjectConfigurationPlatforms) = postSolution
		{552BEE13-48DF-4CA9-A667-C2C99E97E5AA}.Debug|Any CPU.ActiveCfg = Debug|Any CPU
		{552BEE13-48DF-4CA9-A667-C2C99E97E5AA}.Debug|Any CPU.Build.0 = Debug|Any CPU
		{552BEE13-48DF-4CA9-A667-C2C99E97E5AA}.Release|Any CPU.ActiveCfg = Release|Any CPU
		{552BEE13-48DF-4CA9-A667-C2C99E97E5AA}.Release|Any CPU.Build.0 = Release|Any CPU
		{0DA3F106-721B-4560-9396-D7A58C063483}.Debug|Any CPU.ActiveCfg = Debug|Any CPU
		{0DA3F106-721B-4560-9396-D7A58C063483}.Debug|Any CPU.Build.0 = Debug|Any CPU
		{0DA3F106-721B-4560-9396-D7A58C063483}.Release|Any CPU.ActiveCfg = Release|Any CPU
		{0DA3F106-721B-4560-9396-D7A58C063483}.Release|Any CPU.Build.0 = Release|Any CPU
		{8B309C90-2860-48D8-A46C-F08E9F5F9A1E}.Debug|Any CPU.ActiveCfg = Debug|Any CPU
		{8B309C90-2860-48D8-A46C-F08E9F5F9A1E}.Debug|Any CPU.Build.0 = Debug|Any CPU
		{8B309C90-2860-48D8-A46C-F08E9F5F9A1E}.Release|Any CPU.ActiveCfg = Release|Any CPU
		{8B309C90-2860-48D8-A46C-F08E9F5F9A1E}.Release|Any CPU.Build.0 = Release|Any CPU
		{3F0647E0-0C6F-4995-880D-E820F3BD9156}.Debug|Any CPU.ActiveCfg = Debug|Any CPU
		{3F0647E0-0C6F-4995-880D-E820F3BD9156}.Debug|Any CPU.Build.0 = Debug|Any CPU
		{3F0647E0-0C6F-4995-880D-E820F3BD9156}.Release|Any CPU.ActiveCfg = Release|Any CPU
		{3F0647E0-0C6F-4995-880D-E820F3BD9156}.Release|Any CPU.Build.0 = Release|Any CPU
		{F5787A13-CB11-4E91-997E-CCB965480E50}.Debug|Any CPU.ActiveCfg = Debug|Any CPU
		{F5787A13-CB11-4E91-997E-CCB965480E50}.Debug|Any CPU.Build.0 = Debug|Any CPU
		{F5787A13-CB11-4E91-997E-CCB965480E50}.Release|Any CPU.ActiveCfg = Release|Any CPU
		{F5787A13-CB11-4E91-997E-CCB965480E50}.Release|Any CPU.Build.0 = Release|Any CPU
		{58915C78-A928-4F03-A75F-A0112FF476C6}.Debug|Any CPU.ActiveCfg = Debug|Any CPU
		{58915C78-A928-4F03-A75F-A0112FF476C6}.Debug|Any CPU.Build.0 = Debug|Any CPU
		{58915C78-A928-4F03-A75F-A0112FF476C6}.Release|Any CPU.ActiveCfg = Release|Any CPU
		{58915C78-A928-4F03-A75F-A0112FF476C6}.Release|Any CPU.Build.0 = Release|Any CPU
	EndGlobalSection
	GlobalSection(NestedProjects) = preSolution
		{8B309C90-2860-48D8-A46C-F08E9F5F9A1E} = {F0A456B8-2133-4C49-9A95-FC14FE8BEDF5}
		{552BEE13-48DF-4CA9-A667-C2C99E97E5AA} = {F0A456B8-2133-4C49-9A95-FC14FE8BEDF5}
		{3F0647E0-0C6F-4995-880D-E820F3BD9156} = {F0A456B8-2133-4C49-9A95-FC14FE8BEDF5}
		{58915C78-A928-4F03-A75F-A0112FF476C6} = {F0A456B8-2133-4C49-9A95-FC14FE8BEDF5}
	EndGlobalSection
EndGlobal
